
Microsoft Visual Studio Solution File, Format Version 12.00
# Visual Studio Version 16
VisualStudioVersion = 16.0.30128.74
MinimumVisualStudioVersion = 15.0.26124.0
Project("{9A19103F-16F7-4668-BE54-9A1E7A4F7556}") = "Cheeze.Store", "Cheeze.Store\Cheeze.Store.csproj", "{C15701A4-7CE7-4A69-BACD-BD9C4E86E611}"
EndProject
Project("{9A19103F-16F7-4668-BE54-9A1E7A4F7556}") = "Cheeze.Store.Client", "Cheeze.Store.Client\Cheeze.Store.Client.csproj", "{AFFA0FAA-80AA-425A-93CF-530B43C3C80E}"
	ProjectSection(ProjectDependencies) = postProject
		{C15701A4-7CE7-4A69-BACD-BD9C4E86E611} = {C15701A4-7CE7-4A69-BACD-BD9C4E86E611}
	EndProjectSection
EndProject
Project("{D954291E-2A0B-460D-934E-DC6B0785DB48}") = "Cheeze.App.Shared", "Cheeze.App\Cheeze.App.Shared\Cheeze.App.Shared.shproj", "{6279C845-92F8-4333-AB99-3D213163593C}"
EndProject
Project("{FAE04EC0-301F-11D3-BF4B-00C04F79EFBC}") = "Cheeze.App.Droid", "Cheeze.App\Cheeze.App.Droid\Cheeze.App.Droid.csproj", "{CED2F98D-DA21-460C-B2D2-9D5459C83864}"
EndProject
Project("{FAE04EC0-301F-11D3-BF4B-00C04F79EFBC}") = "Cheeze.App.iOS", "Cheeze.App\Cheeze.App.iOS\Cheeze.App.iOS.csproj", "{F3D48AB2-2FE4-48ED-8522-0E9BBCD7D0C2}"
EndProject
Project("{FAE04EC0-301F-11D3-BF4B-00C04F79EFBC}") = "Cheeze.App.UWP", "Cheeze.App\Cheeze.App.UWP\Cheeze.App.UWP.csproj", "{06AB9CCF-1AA2-4BA8-A4A1-8AAC771343BF}"
EndProject
Project("{FAE04EC0-301F-11D3-BF4B-00C04F79EFBC}") = "Cheeze.App.Wasm", "Cheeze.App\Cheeze.App.Wasm\Cheeze.App.Wasm.csproj", "{B454BDC6-1D22-44B9-A15B-86560E9227A1}"
EndProject
Project("{FAE04EC0-301F-11D3-BF4B-00C04F79EFBC}") = "Cheeze.App.macOS", "Cheeze.App\Cheeze.App.macOS\Cheeze.App.macOS.csproj", "{EC1533C7-AE52-4D39-9F5F-8095860A12D3}"
EndProject
Project("{2150E333-8FDC-42A3-9474-1A3956D46DE8}") = "Cheeze.App", "Cheeze.App", "{F7AB6BA6-FC91-4720-B37B-3325A1F2A3C1}"
EndProject
Global
	GlobalSection(SharedMSBuildProjectFiles) = preSolution
		Cheeze.App\Cheeze.App.Shared\Cheeze.App.Shared.projitems*{06ab9ccf-1aa2-4ba8-a4a1-8aac771343bf}*SharedItemsImports = 4
		Cheeze.App\Cheeze.App.Shared\Cheeze.App.Shared.projitems*{6279c845-92f8-4333-ab99-3d213163593c}*SharedItemsImports = 13
		Cheeze.App\Cheeze.App.Shared\Cheeze.App.Shared.projitems*{b454bdc6-1d22-44b9-a15b-86560e9227a1}*SharedItemsImports = 5
		Cheeze.App\Cheeze.App.Shared\Cheeze.App.Shared.projitems*{ced2f98d-da21-460c-b2d2-9d5459c83864}*SharedItemsImports = 4
		Cheeze.App\Cheeze.App.Shared\Cheeze.App.Shared.projitems*{ec1533c7-ae52-4d39-9f5f-8095860a12d3}*SharedItemsImports = 4
		Cheeze.App\Cheeze.App.Shared\Cheeze.App.Shared.projitems*{f3d48ab2-2fe4-48ed-8522-0e9bbcd7d0c2}*SharedItemsImports = 4
	EndGlobalSection
	GlobalSection(SolutionConfigurationPlatforms) = preSolution
		Ad-Hoc|Any CPU = Ad-Hoc|Any CPU
		Ad-Hoc|ARM = Ad-Hoc|ARM
		Ad-Hoc|ARM64 = Ad-Hoc|ARM64
		Ad-Hoc|iPhone = Ad-Hoc|iPhone
		Ad-Hoc|iPhoneSimulator = Ad-Hoc|iPhoneSimulator
		Ad-Hoc|x64 = Ad-Hoc|x64
		Ad-Hoc|x86 = Ad-Hoc|x86
		AppStore|Any CPU = AppStore|Any CPU
		AppStore|ARM = AppStore|ARM
		AppStore|ARM64 = AppStore|ARM64
		AppStore|iPhone = AppStore|iPhone
		AppStore|iPhoneSimulator = AppStore|iPhoneSimulator
		AppStore|x64 = AppStore|x64
		AppStore|x86 = AppStore|x86
		Debug|Any CPU = Debug|Any CPU
		Debug|ARM = Debug|ARM
		Debug|ARM64 = Debug|ARM64
		Debug|iPhone = Debug|iPhone
		Debug|iPhoneSimulator = Debug|iPhoneSimulator
		Debug|x64 = Debug|x64
		Debug|x86 = Debug|x86
		Release|Any CPU = Release|Any CPU
		Release|ARM = Release|ARM
		Release|ARM64 = Release|ARM64
		Release|iPhone = Release|iPhone
		Release|iPhoneSimulator = Release|iPhoneSimulator
		Release|x64 = Release|x64
		Release|x86 = Release|x86
	EndGlobalSection
	GlobalSection(ProjectConfigurationPlatforms) = postSolution
		{C15701A4-7CE7-4A69-BACD-BD9C4E86E611}.Ad-Hoc|Any CPU.ActiveCfg = Release|Any CPU
		{C15701A4-7CE7-4A69-BACD-BD9C4E86E611}.Ad-Hoc|Any CPU.Build.0 = Release|Any CPU
		{C15701A4-7CE7-4A69-BACD-BD9C4E86E611}.Ad-Hoc|ARM.ActiveCfg = Release|Any CPU
		{C15701A4-7CE7-4A69-BACD-BD9C4E86E611}.Ad-Hoc|ARM.Build.0 = Release|Any CPU
		{C15701A4-7CE7-4A69-BACD-BD9C4E86E611}.Ad-Hoc|ARM64.ActiveCfg = Release|Any CPU
		{C15701A4-7CE7-4A69-BACD-BD9C4E86E611}.Ad-Hoc|ARM64.Build.0 = Release|Any CPU
		{C15701A4-7CE7-4A69-BACD-BD9C4E86E611}.Ad-Hoc|iPhone.ActiveCfg = Release|Any CPU
		{C15701A4-7CE7-4A69-BACD-BD9C4E86E611}.Ad-Hoc|iPhone.Build.0 = Release|Any CPU
		{C15701A4-7CE7-4A69-BACD-BD9C4E86E611}.Ad-Hoc|iPhoneSimulator.ActiveCfg = Release|Any CPU
		{C15701A4-7CE7-4A69-BACD-BD9C4E86E611}.Ad-Hoc|iPhoneSimulator.Build.0 = Release|Any CPU
		{C15701A4-7CE7-4A69-BACD-BD9C4E86E611}.Ad-Hoc|x64.ActiveCfg = Release|Any CPU
		{C15701A4-7CE7-4A69-BACD-BD9C4E86E611}.Ad-Hoc|x64.Build.0 = Release|Any CPU
		{C15701A4-7CE7-4A69-BACD-BD9C4E86E611}.Ad-Hoc|x86.ActiveCfg = Release|Any CPU
		{C15701A4-7CE7-4A69-BACD-BD9C4E86E611}.Ad-Hoc|x86.Build.0 = Release|Any CPU
		{C15701A4-7CE7-4A69-BACD-BD9C4E86E611}.AppStore|Any CPU.ActiveCfg = Release|Any CPU
		{C15701A4-7CE7-4A69-BACD-BD9C4E86E611}.AppStore|Any CPU.Build.0 = Release|Any CPU
		{C15701A4-7CE7-4A69-BACD-BD9C4E86E611}.AppStore|ARM.ActiveCfg = Release|Any CPU
		{C15701A4-7CE7-4A69-BACD-BD9C4E86E611}.AppStore|ARM.Build.0 = Release|Any CPU
		{C15701A4-7CE7-4A69-BACD-BD9C4E86E611}.AppStore|ARM64.ActiveCfg = Release|Any CPU
		{C15701A4-7CE7-4A69-BACD-BD9C4E86E611}.AppStore|ARM64.Build.0 = Release|Any CPU
		{C15701A4-7CE7-4A69-BACD-BD9C4E86E611}.AppStore|iPhone.ActiveCfg = Release|Any CPU
		{C15701A4-7CE7-4A69-BACD-BD9C4E86E611}.AppStore|iPhone.Build.0 = Release|Any CPU
		{C15701A4-7CE7-4A69-BACD-BD9C4E86E611}.AppStore|iPhoneSimulator.ActiveCfg = Release|Any CPU
		{C15701A4-7CE7-4A69-BACD-BD9C4E86E611}.AppStore|iPhoneSimulator.Build.0 = Release|Any CPU
		{C15701A4-7CE7-4A69-BACD-BD9C4E86E611}.AppStore|x64.ActiveCfg = Release|Any CPU
		{C15701A4-7CE7-4A69-BACD-BD9C4E86E611}.AppStore|x64.Build.0 = Release|Any CPU
		{C15701A4-7CE7-4A69-BACD-BD9C4E86E611}.AppStore|x86.ActiveCfg = Release|Any CPU
		{C15701A4-7CE7-4A69-BACD-BD9C4E86E611}.AppStore|x86.Build.0 = Release|Any CPU
		{C15701A4-7CE7-4A69-BACD-BD9C4E86E611}.Debug|Any CPU.ActiveCfg = Debug|Any CPU
		{C15701A4-7CE7-4A69-BACD-BD9C4E86E611}.Debug|Any CPU.Build.0 = Debug|Any CPU
		{C15701A4-7CE7-4A69-BACD-BD9C4E86E611}.Debug|ARM.ActiveCfg = Debug|Any CPU
		{C15701A4-7CE7-4A69-BACD-BD9C4E86E611}.Debug|ARM.Build.0 = Debug|Any CPU
		{C15701A4-7CE7-4A69-BACD-BD9C4E86E611}.Debug|ARM64.ActiveCfg = Debug|Any CPU
		{C15701A4-7CE7-4A69-BACD-BD9C4E86E611}.Debug|ARM64.Build.0 = Debug|Any CPU
		{C15701A4-7CE7-4A69-BACD-BD9C4E86E611}.Debug|iPhone.ActiveCfg = Debug|Any CPU
		{C15701A4-7CE7-4A69-BACD-BD9C4E86E611}.Debug|iPhone.Build.0 = Debug|Any CPU
		{C15701A4-7CE7-4A69-BACD-BD9C4E86E611}.Debug|iPhoneSimulator.ActiveCfg = Debug|Any CPU
		{C15701A4-7CE7-4A69-BACD-BD9C4E86E611}.Debug|iPhoneSimulator.Build.0 = Debug|Any CPU
		{C15701A4-7CE7-4A69-BACD-BD9C4E86E611}.Debug|x64.ActiveCfg = Debug|Any CPU
		{C15701A4-7CE7-4A69-BACD-BD9C4E86E611}.Debug|x64.Build.0 = Debug|Any CPU
		{C15701A4-7CE7-4A69-BACD-BD9C4E86E611}.Debug|x86.ActiveCfg = Debug|Any CPU
		{C15701A4-7CE7-4A69-BACD-BD9C4E86E611}.Debug|x86.Build.0 = Debug|Any CPU
		{C15701A4-7CE7-4A69-BACD-BD9C4E86E611}.Release|Any CPU.ActiveCfg = Release|Any CPU
		{C15701A4-7CE7-4A69-BACD-BD9C4E86E611}.Release|Any CPU.Build.0 = Release|Any CPU
		{C15701A4-7CE7-4A69-BACD-BD9C4E86E611}.Release|ARM.ActiveCfg = Release|Any CPU
		{C15701A4-7CE7-4A69-BACD-BD9C4E86E611}.Release|ARM.Build.0 = Release|Any CPU
		{C15701A4-7CE7-4A69-BACD-BD9C4E86E611}.Release|ARM64.ActiveCfg = Release|Any CPU
		{C15701A4-7CE7-4A69-BACD-BD9C4E86E611}.Release|ARM64.Build.0 = Release|Any CPU
		{C15701A4-7CE7-4A69-BACD-BD9C4E86E611}.Release|iPhone.ActiveCfg = Release|Any CPU
		{C15701A4-7CE7-4A69-BACD-BD9C4E86E611}.Release|iPhone.Build.0 = Release|Any CPU
		{C15701A4-7CE7-4A69-BACD-BD9C4E86E611}.Release|iPhoneSimulator.ActiveCfg = Release|Any CPU
		{C15701A4-7CE7-4A69-BACD-BD9C4E86E611}.Release|iPhoneSimulator.Build.0 = Release|Any CPU
		{C15701A4-7CE7-4A69-BACD-BD9C4E86E611}.Release|x64.ActiveCfg = Release|Any CPU
		{C15701A4-7CE7-4A69-BACD-BD9C4E86E611}.Release|x64.Build.0 = Release|Any CPU
		{C15701A4-7CE7-4A69-BACD-BD9C4E86E611}.Release|x86.ActiveCfg = Release|Any CPU
		{C15701A4-7CE7-4A69-BACD-BD9C4E86E611}.Release|x86.Build.0 = Release|Any CPU
		{AFFA0FAA-80AA-425A-93CF-530B43C3C80E}.Ad-Hoc|Any CPU.ActiveCfg = Release|Any CPU
		{AFFA0FAA-80AA-425A-93CF-530B43C3C80E}.Ad-Hoc|Any CPU.Build.0 = Release|Any CPU
		{AFFA0FAA-80AA-425A-93CF-530B43C3C80E}.Ad-Hoc|ARM.ActiveCfg = Release|Any CPU
		{AFFA0FAA-80AA-425A-93CF-530B43C3C80E}.Ad-Hoc|ARM.Build.0 = Release|Any CPU
		{AFFA0FAA-80AA-425A-93CF-530B43C3C80E}.Ad-Hoc|ARM64.ActiveCfg = Release|Any CPU
		{AFFA0FAA-80AA-425A-93CF-530B43C3C80E}.Ad-Hoc|ARM64.Build.0 = Release|Any CPU
		{AFFA0FAA-80AA-425A-93CF-530B43C3C80E}.Ad-Hoc|iPhone.ActiveCfg = Release|Any CPU
		{AFFA0FAA-80AA-425A-93CF-530B43C3C80E}.Ad-Hoc|iPhone.Build.0 = Release|Any CPU
		{AFFA0FAA-80AA-425A-93CF-530B43C3C80E}.Ad-Hoc|iPhoneSimulator.ActiveCfg = Release|Any CPU
		{AFFA0FAA-80AA-425A-93CF-530B43C3C80E}.Ad-Hoc|iPhoneSimulator.Build.0 = Release|Any CPU
		{AFFA0FAA-80AA-425A-93CF-530B43C3C80E}.Ad-Hoc|x64.ActiveCfg = Release|Any CPU
		{AFFA0FAA-80AA-425A-93CF-530B43C3C80E}.Ad-Hoc|x64.Build.0 = Release|Any CPU
		{AFFA0FAA-80AA-425A-93CF-530B43C3C80E}.Ad-Hoc|x86.ActiveCfg = Release|Any CPU
		{AFFA0FAA-80AA-425A-93CF-530B43C3C80E}.Ad-Hoc|x86.Build.0 = Release|Any CPU
		{AFFA0FAA-80AA-425A-93CF-530B43C3C80E}.AppStore|Any CPU.ActiveCfg = Release|Any CPU
		{AFFA0FAA-80AA-425A-93CF-530B43C3C80E}.AppStore|Any CPU.Build.0 = Release|Any CPU
		{AFFA0FAA-80AA-425A-93CF-530B43C3C80E}.AppStore|ARM.ActiveCfg = Release|Any CPU
		{AFFA0FAA-80AA-425A-93CF-530B43C3C80E}.AppStore|ARM.Build.0 = Release|Any CPU
		{AFFA0FAA-80AA-425A-93CF-530B43C3C80E}.AppStore|ARM64.ActiveCfg = Release|Any CPU
		{AFFA0FAA-80AA-425A-93CF-530B43C3C80E}.AppStore|ARM64.Build.0 = Release|Any CPU
		{AFFA0FAA-80AA-425A-93CF-530B43C3C80E}.AppStore|iPhone.ActiveCfg = Release|Any CPU
		{AFFA0FAA-80AA-425A-93CF-530B43C3C80E}.AppStore|iPhone.Build.0 = Release|Any CPU
		{AFFA0FAA-80AA-425A-93CF-530B43C3C80E}.AppStore|iPhoneSimulator.ActiveCfg = Release|Any CPU
		{AFFA0FAA-80AA-425A-93CF-530B43C3C80E}.AppStore|iPhoneSimulator.Build.0 = Release|Any CPU
		{AFFA0FAA-80AA-425A-93CF-530B43C3C80E}.AppStore|x64.ActiveCfg = Release|Any CPU
		{AFFA0FAA-80AA-425A-93CF-530B43C3C80E}.AppStore|x64.Build.0 = Release|Any CPU
		{AFFA0FAA-80AA-425A-93CF-530B43C3C80E}.AppStore|x86.ActiveCfg = Release|Any CPU
		{AFFA0FAA-80AA-425A-93CF-530B43C3C80E}.AppStore|x86.Build.0 = Release|Any CPU
		{AFFA0FAA-80AA-425A-93CF-530B43C3C80E}.Debug|Any CPU.ActiveCfg = Debug|Any CPU
		{AFFA0FAA-80AA-425A-93CF-530B43C3C80E}.Debug|Any CPU.Build.0 = Debug|Any CPU
		{AFFA0FAA-80AA-425A-93CF-530B43C3C80E}.Debug|ARM.ActiveCfg = Debug|Any CPU
		{AFFA0FAA-80AA-425A-93CF-530B43C3C80E}.Debug|ARM.Build.0 = Debug|Any CPU
		{AFFA0FAA-80AA-425A-93CF-530B43C3C80E}.Debug|ARM64.ActiveCfg = Debug|Any CPU
		{AFFA0FAA-80AA-425A-93CF-530B43C3C80E}.Debug|ARM64.Build.0 = Debug|Any CPU
		{AFFA0FAA-80AA-425A-93CF-530B43C3C80E}.Debug|iPhone.ActiveCfg = Debug|Any CPU
		{AFFA0FAA-80AA-425A-93CF-530B43C3C80E}.Debug|iPhone.Build.0 = Debug|Any CPU
		{AFFA0FAA-80AA-425A-93CF-530B43C3C80E}.Debug|iPhoneSimulator.ActiveCfg = Debug|Any CPU
		{AFFA0FAA-80AA-425A-93CF-530B43C3C80E}.Debug|iPhoneSimulator.Build.0 = Debug|Any CPU
		{AFFA0FAA-80AA-425A-93CF-530B43C3C80E}.Debug|x64.ActiveCfg = Debug|Any CPU
		{AFFA0FAA-80AA-425A-93CF-530B43C3C80E}.Debug|x64.Build.0 = Debug|Any CPU
		{AFFA0FAA-80AA-425A-93CF-530B43C3C80E}.Debug|x86.ActiveCfg = Debug|Any CPU
		{AFFA0FAA-80AA-425A-93CF-530B43C3C80E}.Debug|x86.Build.0 = Debug|Any CPU
		{AFFA0FAA-80AA-425A-93CF-530B43C3C80E}.Release|Any CPU.ActiveCfg = Release|Any CPU
		{AFFA0FAA-80AA-425A-93CF-530B43C3C80E}.Release|Any CPU.Build.0 = Release|Any CPU
		{AFFA0FAA-80AA-425A-93CF-530B43C3C80E}.Release|ARM.ActiveCfg = Release|Any CPU
		{AFFA0FAA-80AA-425A-93CF-530B43C3C80E}.Release|ARM.Build.0 = Release|Any CPU
		{AFFA0FAA-80AA-425A-93CF-530B43C3C80E}.Release|ARM64.ActiveCfg = Release|Any CPU
		{AFFA0FAA-80AA-425A-93CF-530B43C3C80E}.Release|ARM64.Build.0 = Release|Any CPU
		{AFFA0FAA-80AA-425A-93CF-530B43C3C80E}.Release|iPhone.ActiveCfg = Release|Any CPU
		{AFFA0FAA-80AA-425A-93CF-530B43C3C80E}.Release|iPhone.Build.0 = Release|Any CPU
		{AFFA0FAA-80AA-425A-93CF-530B43C3C80E}.Release|iPhoneSimulator.ActiveCfg = Release|Any CPU
		{AFFA0FAA-80AA-425A-93CF-530B43C3C80E}.Release|iPhoneSimulator.Build.0 = Release|Any CPU
		{AFFA0FAA-80AA-425A-93CF-530B43C3C80E}.Release|x64.ActiveCfg = Release|Any CPU
		{AFFA0FAA-80AA-425A-93CF-530B43C3C80E}.Release|x64.Build.0 = Release|Any CPU
		{AFFA0FAA-80AA-425A-93CF-530B43C3C80E}.Release|x86.ActiveCfg = Release|Any CPU
		{AFFA0FAA-80AA-425A-93CF-530B43C3C80E}.Release|x86.Build.0 = Release|Any CPU
		{CED2F98D-DA21-460C-B2D2-9D5459C83864}.Ad-Hoc|Any CPU.ActiveCfg = Release|Any CPU
		{CED2F98D-DA21-460C-B2D2-9D5459C83864}.Ad-Hoc|Any CPU.Build.0 = Release|Any CPU
		{CED2F98D-DA21-460C-B2D2-9D5459C83864}.Ad-Hoc|Any CPU.Deploy.0 = Release|Any CPU
		{CED2F98D-DA21-460C-B2D2-9D5459C83864}.Ad-Hoc|ARM.ActiveCfg = Release|Any CPU
		{CED2F98D-DA21-460C-B2D2-9D5459C83864}.Ad-Hoc|ARM.Build.0 = Release|Any CPU
		{CED2F98D-DA21-460C-B2D2-9D5459C83864}.Ad-Hoc|ARM.Deploy.0 = Release|Any CPU
		{CED2F98D-DA21-460C-B2D2-9D5459C83864}.Ad-Hoc|ARM64.ActiveCfg = Release|Any CPU
		{CED2F98D-DA21-460C-B2D2-9D5459C83864}.Ad-Hoc|ARM64.Build.0 = Release|Any CPU
		{CED2F98D-DA21-460C-B2D2-9D5459C83864}.Ad-Hoc|ARM64.Deploy.0 = Release|Any CPU
		{CED2F98D-DA21-460C-B2D2-9D5459C83864}.Ad-Hoc|iPhone.ActiveCfg = Release|Any CPU
		{CED2F98D-DA21-460C-B2D2-9D5459C83864}.Ad-Hoc|iPhone.Build.0 = Release|Any CPU
		{CED2F98D-DA21-460C-B2D2-9D5459C83864}.Ad-Hoc|iPhone.Deploy.0 = Release|Any CPU
		{CED2F98D-DA21-460C-B2D2-9D5459C83864}.Ad-Hoc|iPhoneSimulator.ActiveCfg = Release|Any CPU
		{CED2F98D-DA21-460C-B2D2-9D5459C83864}.Ad-Hoc|iPhoneSimulator.Build.0 = Release|Any CPU
		{CED2F98D-DA21-460C-B2D2-9D5459C83864}.Ad-Hoc|iPhoneSimulator.Deploy.0 = Release|Any CPU
		{CED2F98D-DA21-460C-B2D2-9D5459C83864}.Ad-Hoc|x64.ActiveCfg = Release|Any CPU
		{CED2F98D-DA21-460C-B2D2-9D5459C83864}.Ad-Hoc|x64.Build.0 = Release|Any CPU
		{CED2F98D-DA21-460C-B2D2-9D5459C83864}.Ad-Hoc|x64.Deploy.0 = Release|Any CPU
		{CED2F98D-DA21-460C-B2D2-9D5459C83864}.Ad-Hoc|x86.ActiveCfg = Release|Any CPU
		{CED2F98D-DA21-460C-B2D2-9D5459C83864}.Ad-Hoc|x86.Build.0 = Release|Any CPU
		{CED2F98D-DA21-460C-B2D2-9D5459C83864}.Ad-Hoc|x86.Deploy.0 = Release|Any CPU
		{CED2F98D-DA21-460C-B2D2-9D5459C83864}.AppStore|Any CPU.ActiveCfg = Release|Any CPU
		{CED2F98D-DA21-460C-B2D2-9D5459C83864}.AppStore|Any CPU.Build.0 = Release|Any CPU
		{CED2F98D-DA21-460C-B2D2-9D5459C83864}.AppStore|Any CPU.Deploy.0 = Release|Any CPU
		{CED2F98D-DA21-460C-B2D2-9D5459C83864}.AppStore|ARM.ActiveCfg = Release|Any CPU
		{CED2F98D-DA21-460C-B2D2-9D5459C83864}.AppStore|ARM.Build.0 = Release|Any CPU
		{CED2F98D-DA21-460C-B2D2-9D5459C83864}.AppStore|ARM.Deploy.0 = Release|Any CPU
		{CED2F98D-DA21-460C-B2D2-9D5459C83864}.AppStore|ARM64.ActiveCfg = Release|Any CPU
		{CED2F98D-DA21-460C-B2D2-9D5459C83864}.AppStore|ARM64.Build.0 = Release|Any CPU
		{CED2F98D-DA21-460C-B2D2-9D5459C83864}.AppStore|ARM64.Deploy.0 = Release|Any CPU
		{CED2F98D-DA21-460C-B2D2-9D5459C83864}.AppStore|iPhone.ActiveCfg = Release|Any CPU
		{CED2F98D-DA21-460C-B2D2-9D5459C83864}.AppStore|iPhone.Build.0 = Release|Any CPU
		{CED2F98D-DA21-460C-B2D2-9D5459C83864}.AppStore|iPhone.Deploy.0 = Release|Any CPU
		{CED2F98D-DA21-460C-B2D2-9D5459C83864}.AppStore|iPhoneSimulator.ActiveCfg = Release|Any CPU
		{CED2F98D-DA21-460C-B2D2-9D5459C83864}.AppStore|iPhoneSimulator.Build.0 = Release|Any CPU
		{CED2F98D-DA21-460C-B2D2-9D5459C83864}.AppStore|iPhoneSimulator.Deploy.0 = Release|Any CPU
		{CED2F98D-DA21-460C-B2D2-9D5459C83864}.AppStore|x64.ActiveCfg = Release|Any CPU
		{CED2F98D-DA21-460C-B2D2-9D5459C83864}.AppStore|x64.Build.0 = Release|Any CPU
		{CED2F98D-DA21-460C-B2D2-9D5459C83864}.AppStore|x64.Deploy.0 = Release|Any CPU
		{CED2F98D-DA21-460C-B2D2-9D5459C83864}.AppStore|x86.ActiveCfg = Release|Any CPU
		{CED2F98D-DA21-460C-B2D2-9D5459C83864}.AppStore|x86.Build.0 = Release|Any CPU
		{CED2F98D-DA21-460C-B2D2-9D5459C83864}.AppStore|x86.Deploy.0 = Release|Any CPU
		{CED2F98D-DA21-460C-B2D2-9D5459C83864}.Debug|Any CPU.ActiveCfg = Debug|Any CPU
		{CED2F98D-DA21-460C-B2D2-9D5459C83864}.Debug|Any CPU.Build.0 = Debug|Any CPU
		{CED2F98D-DA21-460C-B2D2-9D5459C83864}.Debug|Any CPU.Deploy.0 = Debug|Any CPU
		{CED2F98D-DA21-460C-B2D2-9D5459C83864}.Debug|ARM.ActiveCfg = Debug|Any CPU
		{CED2F98D-DA21-460C-B2D2-9D5459C83864}.Debug|ARM.Build.0 = Debug|Any CPU
		{CED2F98D-DA21-460C-B2D2-9D5459C83864}.Debug|ARM.Deploy.0 = Debug|Any CPU
		{CED2F98D-DA21-460C-B2D2-9D5459C83864}.Debug|ARM64.ActiveCfg = Debug|Any CPU
		{CED2F98D-DA21-460C-B2D2-9D5459C83864}.Debug|ARM64.Build.0 = Debug|Any CPU
		{CED2F98D-DA21-460C-B2D2-9D5459C83864}.Debug|ARM64.Deploy.0 = Debug|Any CPU
		{CED2F98D-DA21-460C-B2D2-9D5459C83864}.Debug|iPhone.ActiveCfg = Debug|Any CPU
		{CED2F98D-DA21-460C-B2D2-9D5459C83864}.Debug|iPhone.Build.0 = Debug|Any CPU
		{CED2F98D-DA21-460C-B2D2-9D5459C83864}.Debug|iPhone.Deploy.0 = Debug|Any CPU
		{CED2F98D-DA21-460C-B2D2-9D5459C83864}.Debug|iPhoneSimulator.ActiveCfg = Debug|Any CPU
		{CED2F98D-DA21-460C-B2D2-9D5459C83864}.Debug|iPhoneSimulator.Build.0 = Debug|Any CPU
		{CED2F98D-DA21-460C-B2D2-9D5459C83864}.Debug|iPhoneSimulator.Deploy.0 = Debug|Any CPU
		{CED2F98D-DA21-460C-B2D2-9D5459C83864}.Debug|x64.ActiveCfg = Debug|Any CPU
		{CED2F98D-DA21-460C-B2D2-9D5459C83864}.Debug|x64.Build.0 = Debug|Any CPU
		{CED2F98D-DA21-460C-B2D2-9D5459C83864}.Debug|x64.Deploy.0 = Debug|Any CPU
		{CED2F98D-DA21-460C-B2D2-9D5459C83864}.Debug|x86.ActiveCfg = Debug|Any CPU
		{CED2F98D-DA21-460C-B2D2-9D5459C83864}.Debug|x86.Build.0 = Debug|Any CPU
		{CED2F98D-DA21-460C-B2D2-9D5459C83864}.Debug|x86.Deploy.0 = Debug|Any CPU
		{CED2F98D-DA21-460C-B2D2-9D5459C83864}.Release|Any CPU.ActiveCfg = Release|Any CPU
		{CED2F98D-DA21-460C-B2D2-9D5459C83864}.Release|Any CPU.Build.0 = Release|Any CPU
		{CED2F98D-DA21-460C-B2D2-9D5459C83864}.Release|Any CPU.Deploy.0 = Release|Any CPU
		{CED2F98D-DA21-460C-B2D2-9D5459C83864}.Release|ARM.ActiveCfg = Release|Any CPU
		{CED2F98D-DA21-460C-B2D2-9D5459C83864}.Release|ARM.Build.0 = Release|Any CPU
		{CED2F98D-DA21-460C-B2D2-9D5459C83864}.Release|ARM.Deploy.0 = Release|Any CPU
		{CED2F98D-DA21-460C-B2D2-9D5459C83864}.Release|ARM64.ActiveCfg = Release|Any CPU
		{CED2F98D-DA21-460C-B2D2-9D5459C83864}.Release|ARM64.Build.0 = Release|Any CPU
		{CED2F98D-DA21-460C-B2D2-9D5459C83864}.Release|ARM64.Deploy.0 = Release|Any CPU
		{CED2F98D-DA21-460C-B2D2-9D5459C83864}.Release|iPhone.ActiveCfg = Release|Any CPU
		{CED2F98D-DA21-460C-B2D2-9D5459C83864}.Release|iPhone.Build.0 = Release|Any CPU
		{CED2F98D-DA21-460C-B2D2-9D5459C83864}.Release|iPhone.Deploy.0 = Release|Any CPU
		{CED2F98D-DA21-460C-B2D2-9D5459C83864}.Release|iPhoneSimulator.ActiveCfg = Release|Any CPU
		{CED2F98D-DA21-460C-B2D2-9D5459C83864}.Release|iPhoneSimulator.Build.0 = Release|Any CPU
		{CED2F98D-DA21-460C-B2D2-9D5459C83864}.Release|iPhoneSimulator.Deploy.0 = Release|Any CPU
		{CED2F98D-DA21-460C-B2D2-9D5459C83864}.Release|x64.ActiveCfg = Release|Any CPU
		{CED2F98D-DA21-460C-B2D2-9D5459C83864}.Release|x64.Build.0 = Release|Any CPU
		{CED2F98D-DA21-460C-B2D2-9D5459C83864}.Release|x64.Deploy.0 = Release|Any CPU
		{CED2F98D-DA21-460C-B2D2-9D5459C83864}.Release|x86.ActiveCfg = Release|Any CPU
		{CED2F98D-DA21-460C-B2D2-9D5459C83864}.Release|x86.Build.0 = Release|Any CPU
		{CED2F98D-DA21-460C-B2D2-9D5459C83864}.Release|x86.Deploy.0 = Release|Any CPU
		{F3D48AB2-2FE4-48ED-8522-0E9BBCD7D0C2}.Ad-Hoc|Any CPU.ActiveCfg = Ad-Hoc|iPhone
		{F3D48AB2-2FE4-48ED-8522-0E9BBCD7D0C2}.Ad-Hoc|ARM.ActiveCfg = Ad-Hoc|iPhone
		{F3D48AB2-2FE4-48ED-8522-0E9BBCD7D0C2}.Ad-Hoc|ARM64.ActiveCfg = Ad-Hoc|iPhone
		{F3D48AB2-2FE4-48ED-8522-0E9BBCD7D0C2}.Ad-Hoc|iPhone.ActiveCfg = Ad-Hoc|iPhone
		{F3D48AB2-2FE4-48ED-8522-0E9BBCD7D0C2}.Ad-Hoc|iPhone.Build.0 = Ad-Hoc|iPhone
		{F3D48AB2-2FE4-48ED-8522-0E9BBCD7D0C2}.Ad-Hoc|iPhoneSimulator.ActiveCfg = Ad-Hoc|iPhoneSimulator
		{F3D48AB2-2FE4-48ED-8522-0E9BBCD7D0C2}.Ad-Hoc|iPhoneSimulator.Build.0 = Ad-Hoc|iPhoneSimulator
		{F3D48AB2-2FE4-48ED-8522-0E9BBCD7D0C2}.Ad-Hoc|x64.ActiveCfg = Ad-Hoc|iPhone
		{F3D48AB2-2FE4-48ED-8522-0E9BBCD7D0C2}.Ad-Hoc|x86.ActiveCfg = Ad-Hoc|iPhone
		{F3D48AB2-2FE4-48ED-8522-0E9BBCD7D0C2}.AppStore|Any CPU.ActiveCfg = AppStore|iPhone
		{F3D48AB2-2FE4-48ED-8522-0E9BBCD7D0C2}.AppStore|ARM.ActiveCfg = AppStore|iPhone
		{F3D48AB2-2FE4-48ED-8522-0E9BBCD7D0C2}.AppStore|ARM64.ActiveCfg = AppStore|iPhone
		{F3D48AB2-2FE4-48ED-8522-0E9BBCD7D0C2}.AppStore|iPhone.ActiveCfg = AppStore|iPhone
		{F3D48AB2-2FE4-48ED-8522-0E9BBCD7D0C2}.AppStore|iPhone.Build.0 = AppStore|iPhone
		{F3D48AB2-2FE4-48ED-8522-0E9BBCD7D0C2}.AppStore|iPhoneSimulator.ActiveCfg = AppStore|iPhoneSimulator
		{F3D48AB2-2FE4-48ED-8522-0E9BBCD7D0C2}.AppStore|iPhoneSimulator.Build.0 = AppStore|iPhoneSimulator
		{F3D48AB2-2FE4-48ED-8522-0E9BBCD7D0C2}.AppStore|x64.ActiveCfg = AppStore|iPhone
		{F3D48AB2-2FE4-48ED-8522-0E9BBCD7D0C2}.AppStore|x86.ActiveCfg = AppStore|iPhone
		{F3D48AB2-2FE4-48ED-8522-0E9BBCD7D0C2}.Debug|Any CPU.ActiveCfg = Debug|iPhone
		{F3D48AB2-2FE4-48ED-8522-0E9BBCD7D0C2}.Debug|ARM.ActiveCfg = Debug|iPhone
		{F3D48AB2-2FE4-48ED-8522-0E9BBCD7D0C2}.Debug|ARM64.ActiveCfg = Debug|iPhone
		{F3D48AB2-2FE4-48ED-8522-0E9BBCD7D0C2}.Debug|iPhone.ActiveCfg = Debug|iPhone
		{F3D48AB2-2FE4-48ED-8522-0E9BBCD7D0C2}.Debug|iPhone.Build.0 = Debug|iPhone
		{F3D48AB2-2FE4-48ED-8522-0E9BBCD7D0C2}.Debug|iPhoneSimulator.ActiveCfg = Debug|iPhoneSimulator
		{F3D48AB2-2FE4-48ED-8522-0E9BBCD7D0C2}.Debug|iPhoneSimulator.Build.0 = Debug|iPhoneSimulator
		{F3D48AB2-2FE4-48ED-8522-0E9BBCD7D0C2}.Debug|x64.ActiveCfg = Debug|iPhone
		{F3D48AB2-2FE4-48ED-8522-0E9BBCD7D0C2}.Debug|x86.ActiveCfg = Debug|iPhone
		{F3D48AB2-2FE4-48ED-8522-0E9BBCD7D0C2}.Release|Any CPU.ActiveCfg = Release|iPhone
		{F3D48AB2-2FE4-48ED-8522-0E9BBCD7D0C2}.Release|ARM.ActiveCfg = Release|iPhone
		{F3D48AB2-2FE4-48ED-8522-0E9BBCD7D0C2}.Release|ARM64.ActiveCfg = Release|iPhone
		{F3D48AB2-2FE4-48ED-8522-0E9BBCD7D0C2}.Release|iPhone.ActiveCfg = Release|iPhone
		{F3D48AB2-2FE4-48ED-8522-0E9BBCD7D0C2}.Release|iPhone.Build.0 = Release|iPhone
		{F3D48AB2-2FE4-48ED-8522-0E9BBCD7D0C2}.Release|iPhoneSimulator.ActiveCfg = Release|iPhoneSimulator
		{F3D48AB2-2FE4-48ED-8522-0E9BBCD7D0C2}.Release|iPhoneSimulator.Build.0 = Release|iPhoneSimulator
		{F3D48AB2-2FE4-48ED-8522-0E9BBCD7D0C2}.Release|x64.ActiveCfg = Release|iPhone
		{F3D48AB2-2FE4-48ED-8522-0E9BBCD7D0C2}.Release|x86.ActiveCfg = Release|iPhone
		{06AB9CCF-1AA2-4BA8-A4A1-8AAC771343BF}.Ad-Hoc|Any CPU.ActiveCfg = Release|x64
		{06AB9CCF-1AA2-4BA8-A4A1-8AAC771343BF}.Ad-Hoc|Any CPU.Build.0 = Release|x64
		{06AB9CCF-1AA2-4BA8-A4A1-8AAC771343BF}.Ad-Hoc|Any CPU.Deploy.0 = Release|x64
		{06AB9CCF-1AA2-4BA8-A4A1-8AAC771343BF}.Ad-Hoc|ARM.ActiveCfg = Release|ARM
		{06AB9CCF-1AA2-4BA8-A4A1-8AAC771343BF}.Ad-Hoc|ARM.Build.0 = Release|ARM
		{06AB9CCF-1AA2-4BA8-A4A1-8AAC771343BF}.Ad-Hoc|ARM.Deploy.0 = Release|ARM
		{06AB9CCF-1AA2-4BA8-A4A1-8AAC771343BF}.Ad-Hoc|ARM64.ActiveCfg = Release|ARM64
		{06AB9CCF-1AA2-4BA8-A4A1-8AAC771343BF}.Ad-Hoc|ARM64.Build.0 = Release|ARM64
		{06AB9CCF-1AA2-4BA8-A4A1-8AAC771343BF}.Ad-Hoc|ARM64.Deploy.0 = Release|ARM64
		{06AB9CCF-1AA2-4BA8-A4A1-8AAC771343BF}.Ad-Hoc|iPhone.ActiveCfg = Release|x64
		{06AB9CCF-1AA2-4BA8-A4A1-8AAC771343BF}.Ad-Hoc|iPhone.Build.0 = Release|x64
		{06AB9CCF-1AA2-4BA8-A4A1-8AAC771343BF}.Ad-Hoc|iPhone.Deploy.0 = Release|x64
		{06AB9CCF-1AA2-4BA8-A4A1-8AAC771343BF}.Ad-Hoc|iPhoneSimulator.ActiveCfg = Release|x64
		{06AB9CCF-1AA2-4BA8-A4A1-8AAC771343BF}.Ad-Hoc|iPhoneSimulator.Build.0 = Release|x64
		{06AB9CCF-1AA2-4BA8-A4A1-8AAC771343BF}.Ad-Hoc|iPhoneSimulator.Deploy.0 = Release|x64
		{06AB9CCF-1AA2-4BA8-A4A1-8AAC771343BF}.Ad-Hoc|x64.ActiveCfg = Release|x64
		{06AB9CCF-1AA2-4BA8-A4A1-8AAC771343BF}.Ad-Hoc|x64.Build.0 = Release|x64
		{06AB9CCF-1AA2-4BA8-A4A1-8AAC771343BF}.Ad-Hoc|x64.Deploy.0 = Release|x64
		{06AB9CCF-1AA2-4BA8-A4A1-8AAC771343BF}.Ad-Hoc|x86.ActiveCfg = Release|x86
		{06AB9CCF-1AA2-4BA8-A4A1-8AAC771343BF}.Ad-Hoc|x86.Build.0 = Release|x86
		{06AB9CCF-1AA2-4BA8-A4A1-8AAC771343BF}.Ad-Hoc|x86.Deploy.0 = Release|x86
		{06AB9CCF-1AA2-4BA8-A4A1-8AAC771343BF}.AppStore|Any CPU.ActiveCfg = Release|x64
		{06AB9CCF-1AA2-4BA8-A4A1-8AAC771343BF}.AppStore|Any CPU.Build.0 = Release|x64
		{06AB9CCF-1AA2-4BA8-A4A1-8AAC771343BF}.AppStore|Any CPU.Deploy.0 = Release|x64
		{06AB9CCF-1AA2-4BA8-A4A1-8AAC771343BF}.AppStore|ARM.ActiveCfg = Release|ARM
		{06AB9CCF-1AA2-4BA8-A4A1-8AAC771343BF}.AppStore|ARM.Build.0 = Release|ARM
		{06AB9CCF-1AA2-4BA8-A4A1-8AAC771343BF}.AppStore|ARM.Deploy.0 = Release|ARM
		{06AB9CCF-1AA2-4BA8-A4A1-8AAC771343BF}.AppStore|ARM64.ActiveCfg = Release|ARM64
		{06AB9CCF-1AA2-4BA8-A4A1-8AAC771343BF}.AppStore|ARM64.Build.0 = Release|ARM64
		{06AB9CCF-1AA2-4BA8-A4A1-8AAC771343BF}.AppStore|ARM64.Deploy.0 = Release|ARM64
		{06AB9CCF-1AA2-4BA8-A4A1-8AAC771343BF}.AppStore|iPhone.ActiveCfg = Release|x64
		{06AB9CCF-1AA2-4BA8-A4A1-8AAC771343BF}.AppStore|iPhone.Build.0 = Release|x64
		{06AB9CCF-1AA2-4BA8-A4A1-8AAC771343BF}.AppStore|iPhone.Deploy.0 = Release|x64
		{06AB9CCF-1AA2-4BA8-A4A1-8AAC771343BF}.AppStore|iPhoneSimulator.ActiveCfg = Release|x64
		{06AB9CCF-1AA2-4BA8-A4A1-8AAC771343BF}.AppStore|iPhoneSimulator.Build.0 = Release|x64
		{06AB9CCF-1AA2-4BA8-A4A1-8AAC771343BF}.AppStore|iPhoneSimulator.Deploy.0 = Release|x64
		{06AB9CCF-1AA2-4BA8-A4A1-8AAC771343BF}.AppStore|x64.ActiveCfg = Release|x64
		{06AB9CCF-1AA2-4BA8-A4A1-8AAC771343BF}.AppStore|x64.Build.0 = Release|x64
		{06AB9CCF-1AA2-4BA8-A4A1-8AAC771343BF}.AppStore|x64.Deploy.0 = Release|x64
		{06AB9CCF-1AA2-4BA8-A4A1-8AAC771343BF}.AppStore|x86.ActiveCfg = Release|x86
		{06AB9CCF-1AA2-4BA8-A4A1-8AAC771343BF}.AppStore|x86.Build.0 = Release|x86
		{06AB9CCF-1AA2-4BA8-A4A1-8AAC771343BF}.AppStore|x86.Deploy.0 = Release|x86
		{06AB9CCF-1AA2-4BA8-A4A1-8AAC771343BF}.Debug|Any CPU.ActiveCfg = Debug|x86
		{06AB9CCF-1AA2-4BA8-A4A1-8AAC771343BF}.Debug|ARM.ActiveCfg = Debug|ARM
		{06AB9CCF-1AA2-4BA8-A4A1-8AAC771343BF}.Debug|ARM.Build.0 = Debug|ARM
		{06AB9CCF-1AA2-4BA8-A4A1-8AAC771343BF}.Debug|ARM.Deploy.0 = Debug|ARM
		{06AB9CCF-1AA2-4BA8-A4A1-8AAC771343BF}.Debug|ARM64.ActiveCfg = Debug|ARM64
		{06AB9CCF-1AA2-4BA8-A4A1-8AAC771343BF}.Debug|ARM64.Build.0 = Debug|ARM64
		{06AB9CCF-1AA2-4BA8-A4A1-8AAC771343BF}.Debug|ARM64.Deploy.0 = Debug|ARM64
		{06AB9CCF-1AA2-4BA8-A4A1-8AAC771343BF}.Debug|iPhone.ActiveCfg = Debug|x86
		{06AB9CCF-1AA2-4BA8-A4A1-8AAC771343BF}.Debug|iPhoneSimulator.ActiveCfg = Debug|x86
		{06AB9CCF-1AA2-4BA8-A4A1-8AAC771343BF}.Debug|x64.ActiveCfg = Debug|x64
		{06AB9CCF-1AA2-4BA8-A4A1-8AAC771343BF}.Debug|x64.Build.0 = Debug|x64
		{06AB9CCF-1AA2-4BA8-A4A1-8AAC771343BF}.Debug|x64.Deploy.0 = Debug|x64
		{06AB9CCF-1AA2-4BA8-A4A1-8AAC771343BF}.Debug|x86.ActiveCfg = Debug|x86
		{06AB9CCF-1AA2-4BA8-A4A1-8AAC771343BF}.Debug|x86.Build.0 = Debug|x86
		{06AB9CCF-1AA2-4BA8-A4A1-8AAC771343BF}.Debug|x86.Deploy.0 = Debug|x86
		{06AB9CCF-1AA2-4BA8-A4A1-8AAC771343BF}.Release|Any CPU.ActiveCfg = Release|x86
		{06AB9CCF-1AA2-4BA8-A4A1-8AAC771343BF}.Release|ARM.ActiveCfg = Release|ARM
		{06AB9CCF-1AA2-4BA8-A4A1-8AAC771343BF}.Release|ARM.Build.0 = Release|ARM
		{06AB9CCF-1AA2-4BA8-A4A1-8AAC771343BF}.Release|ARM.Deploy.0 = Release|ARM
		{06AB9CCF-1AA2-4BA8-A4A1-8AAC771343BF}.Release|ARM64.ActiveCfg = Release|ARM64
		{06AB9CCF-1AA2-4BA8-A4A1-8AAC771343BF}.Release|ARM64.Build.0 = Release|ARM64
		{06AB9CCF-1AA2-4BA8-A4A1-8AAC771343BF}.Release|ARM64.Deploy.0 = Release|ARM64
		{06AB9CCF-1AA2-4BA8-A4A1-8AAC771343BF}.Release|iPhone.ActiveCfg = Release|x86
		{06AB9CCF-1AA2-4BA8-A4A1-8AAC771343BF}.Release|iPhoneSimulator.ActiveCfg = Release|x86
		{06AB9CCF-1AA2-4BA8-A4A1-8AAC771343BF}.Release|x64.ActiveCfg = Release|x64
		{06AB9CCF-1AA2-4BA8-A4A1-8AAC771343BF}.Release|x64.Build.0 = Release|x64
		{06AB9CCF-1AA2-4BA8-A4A1-8AAC771343BF}.Release|x64.Deploy.0 = Release|x64
		{06AB9CCF-1AA2-4BA8-A4A1-8AAC771343BF}.Release|x86.ActiveCfg = Release|x86
		{06AB9CCF-1AA2-4BA8-A4A1-8AAC771343BF}.Release|x86.Build.0 = Release|x86
		{06AB9CCF-1AA2-4BA8-A4A1-8AAC771343BF}.Release|x86.Deploy.0 = Release|x86
		{B454BDC6-1D22-44B9-A15B-86560E9227A1}.Ad-Hoc|Any CPU.ActiveCfg = Debug|Any CPU
		{B454BDC6-1D22-44B9-A15B-86560E9227A1}.Ad-Hoc|Any CPU.Build.0 = Debug|Any CPU
		{B454BDC6-1D22-44B9-A15B-86560E9227A1}.Ad-Hoc|ARM.ActiveCfg = Debug|Any CPU
		{B454BDC6-1D22-44B9-A15B-86560E9227A1}.Ad-Hoc|ARM.Build.0 = Debug|Any CPU
		{B454BDC6-1D22-44B9-A15B-86560E9227A1}.Ad-Hoc|ARM64.ActiveCfg = Debug|Any CPU
		{B454BDC6-1D22-44B9-A15B-86560E9227A1}.Ad-Hoc|ARM64.Build.0 = Debug|Any CPU
		{B454BDC6-1D22-44B9-A15B-86560E9227A1}.Ad-Hoc|iPhone.ActiveCfg = Debug|Any CPU
		{B454BDC6-1D22-44B9-A15B-86560E9227A1}.Ad-Hoc|iPhone.Build.0 = Debug|Any CPU
		{B454BDC6-1D22-44B9-A15B-86560E9227A1}.Ad-Hoc|iPhoneSimulator.ActiveCfg = Debug|Any CPU
		{B454BDC6-1D22-44B9-A15B-86560E9227A1}.Ad-Hoc|iPhoneSimulator.Build.0 = Debug|Any CPU
		{B454BDC6-1D22-44B9-A15B-86560E9227A1}.Ad-Hoc|x64.ActiveCfg = Debug|Any CPU
		{B454BDC6-1D22-44B9-A15B-86560E9227A1}.Ad-Hoc|x64.Build.0 = Debug|Any CPU
		{B454BDC6-1D22-44B9-A15B-86560E9227A1}.Ad-Hoc|x86.ActiveCfg = Debug|Any CPU
		{B454BDC6-1D22-44B9-A15B-86560E9227A1}.Ad-Hoc|x86.Build.0 = Debug|Any CPU
		{B454BDC6-1D22-44B9-A15B-86560E9227A1}.AppStore|Any CPU.ActiveCfg = Debug|Any CPU
		{B454BDC6-1D22-44B9-A15B-86560E9227A1}.AppStore|Any CPU.Build.0 = Debug|Any CPU
		{B454BDC6-1D22-44B9-A15B-86560E9227A1}.AppStore|ARM.ActiveCfg = Debug|Any CPU
		{B454BDC6-1D22-44B9-A15B-86560E9227A1}.AppStore|ARM.Build.0 = Debug|Any CPU
		{B454BDC6-1D22-44B9-A15B-86560E9227A1}.AppStore|ARM64.ActiveCfg = Debug|Any CPU
		{B454BDC6-1D22-44B9-A15B-86560E9227A1}.AppStore|ARM64.Build.0 = Debug|Any CPU
		{B454BDC6-1D22-44B9-A15B-86560E9227A1}.AppStore|iPhone.ActiveCfg = Debug|Any CPU
		{B454BDC6-1D22-44B9-A15B-86560E9227A1}.AppStore|iPhone.Build.0 = Debug|Any CPU
		{B454BDC6-1D22-44B9-A15B-86560E9227A1}.AppStore|iPhoneSimulator.ActiveCfg = Debug|Any CPU
		{B454BDC6-1D22-44B9-A15B-86560E9227A1}.AppStore|iPhoneSimulator.Build.0 = Debug|Any CPU
		{B454BDC6-1D22-44B9-A15B-86560E9227A1}.AppStore|x64.ActiveCfg = Debug|Any CPU
		{B454BDC6-1D22-44B9-A15B-86560E9227A1}.AppStore|x64.Build.0 = Debug|Any CPU
		{B454BDC6-1D22-44B9-A15B-86560E9227A1}.AppStore|x86.ActiveCfg = Debug|Any CPU
		{B454BDC6-1D22-44B9-A15B-86560E9227A1}.AppStore|x86.Build.0 = Debug|Any CPU
		{B454BDC6-1D22-44B9-A15B-86560E9227A1}.Debug|Any CPU.ActiveCfg = Debug|Any CPU
		{B454BDC6-1D22-44B9-A15B-86560E9227A1}.Debug|Any CPU.Build.0 = Debug|Any CPU
		{B454BDC6-1D22-44B9-A15B-86560E9227A1}.Debug|ARM.ActiveCfg = Debug|Any CPU
		{B454BDC6-1D22-44B9-A15B-86560E9227A1}.Debug|ARM.Build.0 = Debug|Any CPU
		{B454BDC6-1D22-44B9-A15B-86560E9227A1}.Debug|ARM64.ActiveCfg = Debug|Any CPU
		{B454BDC6-1D22-44B9-A15B-86560E9227A1}.Debug|ARM64.Build.0 = Debug|Any CPU
		{B454BDC6-1D22-44B9-A15B-86560E9227A1}.Debug|iPhone.ActiveCfg = Debug|Any CPU
		{B454BDC6-1D22-44B9-A15B-86560E9227A1}.Debug|iPhone.Build.0 = Debug|Any CPU
		{B454BDC6-1D22-44B9-A15B-86560E9227A1}.Debug|iPhoneSimulator.ActiveCfg = Debug|Any CPU
		{B454BDC6-1D22-44B9-A15B-86560E9227A1}.Debug|iPhoneSimulator.Build.0 = Debug|Any CPU
		{B454BDC6-1D22-44B9-A15B-86560E9227A1}.Debug|x64.ActiveCfg = Debug|Any CPU
		{B454BDC6-1D22-44B9-A15B-86560E9227A1}.Debug|x64.Build.0 = Debug|Any CPU
		{B454BDC6-1D22-44B9-A15B-86560E9227A1}.Debug|x86.ActiveCfg = Debug|Any CPU
		{B454BDC6-1D22-44B9-A15B-86560E9227A1}.Debug|x86.Build.0 = Debug|Any CPU
		{B454BDC6-1D22-44B9-A15B-86560E9227A1}.Release|Any CPU.ActiveCfg = Release|Any CPU
		{B454BDC6-1D22-44B9-A15B-86560E9227A1}.Release|Any CPU.Build.0 = Release|Any CPU
		{B454BDC6-1D22-44B9-A15B-86560E9227A1}.Release|ARM.ActiveCfg = Release|Any CPU
		{B454BDC6-1D22-44B9-A15B-86560E9227A1}.Release|ARM.Build.0 = Release|Any CPU
		{B454BDC6-1D22-44B9-A15B-86560E9227A1}.Release|ARM64.ActiveCfg = Release|Any CPU
		{B454BDC6-1D22-44B9-A15B-86560E9227A1}.Release|ARM64.Build.0 = Release|Any CPU
		{B454BDC6-1D22-44B9-A15B-86560E9227A1}.Release|iPhone.ActiveCfg = Release|Any CPU
		{B454BDC6-1D22-44B9-A15B-86560E9227A1}.Release|iPhone.Build.0 = Release|Any CPU
		{B454BDC6-1D22-44B9-A15B-86560E9227A1}.Release|iPhoneSimulator.ActiveCfg = Release|Any CPU
		{B454BDC6-1D22-44B9-A15B-86560E9227A1}.Release|iPhoneSimulator.Build.0 = Release|Any CPU
		{B454BDC6-1D22-44B9-A15B-86560E9227A1}.Release|x64.ActiveCfg = Release|Any CPU
		{B454BDC6-1D22-44B9-A15B-86560E9227A1}.Release|x64.Build.0 = Release|Any CPU
		{B454BDC6-1D22-44B9-A15B-86560E9227A1}.Release|x86.ActiveCfg = Release|Any CPU
		{B454BDC6-1D22-44B9-A15B-86560E9227A1}.Release|x86.Build.0 = Release|Any CPU
		{EC1533C7-AE52-4D39-9F5F-8095860A12D3}.Ad-Hoc|Any CPU.ActiveCfg = Release|iPhoneSimulator
		{EC1533C7-AE52-4D39-9F5F-8095860A12D3}.Ad-Hoc|Any CPU.Build.0 = Release|iPhoneSimulator
		{EC1533C7-AE52-4D39-9F5F-8095860A12D3}.Ad-Hoc|ARM.ActiveCfg = Release|iPhoneSimulator
		{EC1533C7-AE52-4D39-9F5F-8095860A12D3}.Ad-Hoc|ARM.Build.0 = Release|iPhoneSimulator
		{EC1533C7-AE52-4D39-9F5F-8095860A12D3}.Ad-Hoc|ARM64.ActiveCfg = Release|iPhoneSimulator
		{EC1533C7-AE52-4D39-9F5F-8095860A12D3}.Ad-Hoc|ARM64.Build.0 = Release|iPhoneSimulator
		{EC1533C7-AE52-4D39-9F5F-8095860A12D3}.Ad-Hoc|iPhone.ActiveCfg = Release|iPhoneSimulator
		{EC1533C7-AE52-4D39-9F5F-8095860A12D3}.Ad-Hoc|iPhone.Build.0 = Release|iPhoneSimulator
		{EC1533C7-AE52-4D39-9F5F-8095860A12D3}.Ad-Hoc|iPhoneSimulator.ActiveCfg = Release|iPhoneSimulator
		{EC1533C7-AE52-4D39-9F5F-8095860A12D3}.Ad-Hoc|iPhoneSimulator.Build.0 = Release|iPhoneSimulator
		{EC1533C7-AE52-4D39-9F5F-8095860A12D3}.Ad-Hoc|x64.ActiveCfg = Release|iPhoneSimulator
		{EC1533C7-AE52-4D39-9F5F-8095860A12D3}.Ad-Hoc|x64.Build.0 = Release|iPhoneSimulator
		{EC1533C7-AE52-4D39-9F5F-8095860A12D3}.Ad-Hoc|x86.ActiveCfg = Release|iPhoneSimulator
		{EC1533C7-AE52-4D39-9F5F-8095860A12D3}.Ad-Hoc|x86.Build.0 = Release|iPhoneSimulator
		{EC1533C7-AE52-4D39-9F5F-8095860A12D3}.AppStore|Any CPU.ActiveCfg = Release|iPhoneSimulator
		{EC1533C7-AE52-4D39-9F5F-8095860A12D3}.AppStore|Any CPU.Build.0 = Release|iPhoneSimulator
		{EC1533C7-AE52-4D39-9F5F-8095860A12D3}.AppStore|ARM.ActiveCfg = Release|iPhoneSimulator
		{EC1533C7-AE52-4D39-9F5F-8095860A12D3}.AppStore|ARM.Build.0 = Release|iPhoneSimulator
		{EC1533C7-AE52-4D39-9F5F-8095860A12D3}.AppStore|ARM64.ActiveCfg = Release|iPhoneSimulator
		{EC1533C7-AE52-4D39-9F5F-8095860A12D3}.AppStore|ARM64.Build.0 = Release|iPhoneSimulator
		{EC1533C7-AE52-4D39-9F5F-8095860A12D3}.AppStore|iPhone.ActiveCfg = Release|iPhoneSimulator
		{EC1533C7-AE52-4D39-9F5F-8095860A12D3}.AppStore|iPhone.Build.0 = Release|iPhoneSimulator
		{EC1533C7-AE52-4D39-9F5F-8095860A12D3}.AppStore|iPhoneSimulator.ActiveCfg = Release|iPhoneSimulator
		{EC1533C7-AE52-4D39-9F5F-8095860A12D3}.AppStore|iPhoneSimulator.Build.0 = Release|iPhoneSimulator
		{EC1533C7-AE52-4D39-9F5F-8095860A12D3}.AppStore|x64.ActiveCfg = Release|iPhoneSimulator
		{EC1533C7-AE52-4D39-9F5F-8095860A12D3}.AppStore|x64.Build.0 = Release|iPhoneSimulator
		{EC1533C7-AE52-4D39-9F5F-8095860A12D3}.AppStore|x86.ActiveCfg = Release|iPhoneSimulator
		{EC1533C7-AE52-4D39-9F5F-8095860A12D3}.AppStore|x86.Build.0 = Release|iPhoneSimulator
		{EC1533C7-AE52-4D39-9F5F-8095860A12D3}.Debug|Any CPU.ActiveCfg = Debug|iPhoneSimulator
		{EC1533C7-AE52-4D39-9F5F-8095860A12D3}.Debug|ARM.ActiveCfg = Debug|iPhoneSimulator
		{EC1533C7-AE52-4D39-9F5F-8095860A12D3}.Debug|ARM64.ActiveCfg = Debug|iPhoneSimulator
		{EC1533C7-AE52-4D39-9F5F-8095860A12D3}.Debug|iPhone.ActiveCfg = Debug|iPhoneSimulator
		{EC1533C7-AE52-4D39-9F5F-8095860A12D3}.Debug|iPhoneSimulator.ActiveCfg = Debug|iPhoneSimulator
		{EC1533C7-AE52-4D39-9F5F-8095860A12D3}.Debug|iPhoneSimulator.Build.0 = Debug|iPhoneSimulator
		{EC1533C7-AE52-4D39-9F5F-8095860A12D3}.Debug|x64.ActiveCfg = Debug|iPhoneSimulator
		{EC1533C7-AE52-4D39-9F5F-8095860A12D3}.Debug|x86.ActiveCfg = Debug|iPhoneSimulator
		{EC1533C7-AE52-4D39-9F5F-8095860A12D3}.Release|Any CPU.ActiveCfg = Release|iPhoneSimulator
		{EC1533C7-AE52-4D39-9F5F-8095860A12D3}.Release|ARM.ActiveCfg = Release|iPhoneSimulator
		{EC1533C7-AE52-4D39-9F5F-8095860A12D3}.Release|ARM64.ActiveCfg = Release|iPhoneSimulator
		{EC1533C7-AE52-4D39-9F5F-8095860A12D3}.Release|iPhone.ActiveCfg = Release|iPhoneSimulator
		{EC1533C7-AE52-4D39-9F5F-8095860A12D3}.Release|iPhoneSimulator.ActiveCfg = Release|iPhoneSimulator
		{EC1533C7-AE52-4D39-9F5F-8095860A12D3}.Release|iPhoneSimulator.Build.0 = Release|iPhoneSimulator
		{EC1533C7-AE52-4D39-9F5F-8095860A12D3}.Release|x64.ActiveCfg = Release|iPhoneSimulator
		{EC1533C7-AE52-4D39-9F5F-8095860A12D3}.Release|x86.ActiveCfg = Release|iPhoneSimulator
	EndGlobalSection
	GlobalSection(SolutionProperties) = preSolution
		HideSolutionNode = FALSE
	EndGlobalSection
	GlobalSection(NestedProjects) = preSolution
		{6279C845-92F8-4333-AB99-3D213163593C} = {F7AB6BA6-FC91-4720-B37B-3325A1F2A3C1}
		{CED2F98D-DA21-460C-B2D2-9D5459C83864} = {F7AB6BA6-FC91-4720-B37B-3325A1F2A3C1}
		{F3D48AB2-2FE4-48ED-8522-0E9BBCD7D0C2} = {F7AB6BA6-FC91-4720-B37B-3325A1F2A3C1}
		{06AB9CCF-1AA2-4BA8-A4A1-8AAC771343BF} = {F7AB6BA6-FC91-4720-B37B-3325A1F2A3C1}
		{B454BDC6-1D22-44B9-A15B-86560E9227A1} = {F7AB6BA6-FC91-4720-B37B-3325A1F2A3C1}
		{EC1533C7-AE52-4D39-9F5F-8095860A12D3} = {F7AB6BA6-FC91-4720-B37B-3325A1F2A3C1}
	EndGlobalSection
	GlobalSection(ExtensibilityGlobals) = postSolution
		SolutionGuid = {F2B477BB-E2FC-430D-BE21-9A9F5E8DE627}
	EndGlobalSection
EndGlobal
